{
  "name": "awe.js",
  "version": "1.0.0",
  "lockfileVersion": 1,
  "requires": true,
  "dependencies": {
    "ecef-projector": {
      "version": "1.0.1",
      "resolved": "https://registry.npmjs.org/ecef-projector/-/ecef-projector-1.0.1.tgz",
      "integrity": "sha1-T0Nb6H/CgVxdg1jnqyDkppSLa7g=",
      "requires": {
        "wgs84": "0.0.0"
      }
    },
    "wgs84": {
      "version": "0.0.0",
      "resolved": "https://registry.npmjs.org/wgs84/-/wgs84-0.0.0.tgz",
      "integrity": "sha1-NP3FVZF7blfPKigu0ENxDASc3HY="
    }
  }
}
